// !$*UTF8*$!
{
	archiveVersion = 1;
	classes = {
	};
	objectVersion = 46;
	objects = {

/* Begin PBXBuildFile section */
		3D0A89AB1BA6CC620081B2D8 /* AppDelegate.swift in Sources */ = {isa = PBXBuildFile; fileRef = 3D0A89AA1BA6CC620081B2D8 /* AppDelegate.swift */; };
		3D0A89AD1BA6CC620081B2D8 /* ViewController.swift in Sources */ = {isa = PBXBuildFile; fileRef = 3D0A89AC1BA6CC620081B2D8 /* ViewController.swift */; };
		3D0A89B01BA6CC620081B2D8 /* Main.storyboard in Resources */ = {isa = PBXBuildFile; fileRef = 3D0A89AE1BA6CC620081B2D8 /* Main.storyboard */; };
		3D0A89B21BA6CC620081B2D8 /* Assets.xcassets in Resources */ = {isa = PBXBuildFile; fileRef = 3D0A89B11BA6CC620081B2D8 /* Assets.xcassets */; };
		3D0A89B51BA6CC620081B2D8 /* LaunchScreen.storyboard in Resources */ = {isa = PBXBuildFile; fileRef = 3D0A89B31BA6CC620081B2D8 /* LaunchScreen.storyboard */; };
		3D0A89BD1BA6CC6D0081B2D8 /* LeftTableViewController.swift in Sources */ = {isa = PBXBuildFile; fileRef = 3D0A89BC1BA6CC6D0081B2D8 /* LeftTableViewController.swift */; };
		3D0A89BF1BA6D1820081B2D8 /* VZSideViewController.swift in Sources */ = {isa = PBXBuildFile; fileRef = 3D0A89BE1BA6D1820081B2D8 /* VZSideViewController.swift */; };
/* End PBXBuildFile section */

/* Begin PBXFileReference section */
		3D0A89A71BA6CC620081B2D8 /* VZSideViewControllerDemo.app */ = {isa = PBXFileReference; explicitFileType = wrapper.application; includeInIndex = 0; path = VZSideViewControllerDemo.app; sourceTree = BUILT_PRODUCTS_DIR; };
		3D0A89AA1BA6CC620081B2D8 /* AppDelegate.swift */ = {isa = PBXFileReference; lastKnownFileType = sourcecode.swift; path = AppDelegate.swift; sourceTree = "<group>"; };
		3D0A89AC1BA6CC620081B2D8 /* ViewController.swift */ = {isa = PBXFileReference; lastKnownFileType = sourcecode.swift; path = ViewController.swift; sourceTree = "<group>"; };
		3D0A89AF1BA6CC620081B2D8 /* Base */ = {isa = PBXFileReference; lastKnownFileType = file.storyboard; name = Base; path = Base.lproj/Main.storyboard; sourceTree = "<group>"; };
		3D0A89B11BA6CC620081B2D8 /* Assets.xcassets */ = {isa = PBXFileReference; lastKnownFileType = folder.assetcatalog; path = Assets.xcassets; sourceTree = "<group>"; };
		3D0A89B41BA6CC620081B2D8 /* Base */ = {isa = PBXFileReference; lastKnownFileType = file.storyboard; name = Base; path = Base.lproj/LaunchScreen.storyboard; sourceTree = "<group>"; };
		3D0A89B61BA6CC620081B2D8 /* Info.plist */ = {isa = PBXFileReference; lastKnownFileType = text.plist.xml; path = Info.plist; sourceTree = "<group>"; };
		3D0A89BC1BA6CC6D0081B2D8 /* LeftTableViewController.swift */ = {isa = PBXFileReference; fileEncoding = 4; lastKnownFileType = sourcecode.swift; path = LeftTableViewController.swift; sourceTree = "<group>"; };
		3D0A89BE1BA6D1820081B2D8 /* VZSideViewController.swift */ = {isa = PBXFileReference; fileEncoding = 4; lastKnownFileType = sourcecode.swift; path = VZSideViewController.swift; sourceTree = "<group>"; };
/* End PBXFileReference section */

/* Begin PBXFrameworksBuildPhase section */
		3D0A89A41BA6CC620081B2D8 /* Frameworks */ = {
			isa = PBXFrameworksBuildPhase;
			buildActionMask = 2147483647;
			files = (
			);
			runOnlyForDeploymentPostprocessing = 0;
		};
/* End PBXFrameworksBuildPhase section */

/* Begin PBXGroup section */
		3D0A899E1BA6CC620081B2D8 = {
			isa = PBXGroup;
			children = (
				3D0A89A91BA6CC620081B2D8 /* VZSideViewControllerDemo */,
				3D0A89A81BA6CC620081B2D8 /* Products */,
			);
			sourceTree = "<group>";
		};
		3D0A89A81BA6CC620081B2D8 /* Products */ = {
			isa = PBXGroup;
			children = (
				3D0A89A71BA6CC620081B2D8 /* VZSideViewControllerDemo.app */,
			);
			name = Products;
			sourceTree = "<group>";
		};
		3D0A89A91BA6CC620081B2D8 /* VZSideViewControllerDemo */ = {
			isa = PBXGroup;
			children = (
				3D0A89AA1BA6CC620081B2D8 /* AppDelegate.swift */,
				3D0A89AC1BA6CC620081B2D8 /* ViewController.swift */,
				3D0A89BC1BA6CC6D0081B2D8 /* LeftTableViewController.swift */,
				3D0A89BE1BA6D1820081B2D8 /* VZSideViewController.swift */,
				3D0A89AE1BA6CC620081B2D8 /* Main.storyboard */,
				3D0A89B11BA6CC620081B2D8 /* Assets.xcassets */,
				3D0A89B31BA6CC620081B2D8 /* LaunchScreen.storyboard */,
				3D0A89B61BA6CC620081B2D8 /* Info.plist */,
			);
			path = VZSideViewControllerDemo;
			sourceTree = "<group>";
		};
/* End PBXGroup section */

/* Begin PBXNativeTarget section */
		3D0A89A61BA6CC620081B2D8 /* VZSideViewControllerDemo */ = {
			isa = PBXNativeTarget;
			buildConfigurationList = 3D0A89B91BA6CC620081B2D8 /* Build configuration list for PBXNativeTarget "VZSideViewControllerDemo" */;
			buildPhases = (
				3D0A89A31BA6CC620081B2D8 /* Sources */,
				3D0A89A41BA6CC620081B2D8 /* Frameworks */,
				3D0A89A51BA6CC620081B2D8 /* Resources */,
			);
			buildRules = (
			);
			dependencies = (
			);
			name = VZSideViewControllerDemo;
			productName = VZSideViewControllerDemo;
			productReference = 3D0A89A71BA6CC620081B2D8 /* VZSideViewControllerDemo.app */;
			productType = "com.apple.product-type.application";
		};
/* End PBXNativeTarget section */

/* Begin PBXProject section */
		3D0A899F1BA6CC620081B2D8 /* Project object */ = {
			isa = PBXProject;
			attributes = {
				LastUpgradeCheck = 0700;
				ORGANIZATIONNAME = mini4s215;
				TargetAttributes = {
					3D0A89A61BA6CC620081B2D8 = {
						CreatedOnToolsVersion = 7.0;
					};
				};
			};
			buildConfigurationList = 3D0A89A21BA6CC620081B2D8 /* Build configuration list for PBXProject "VZSideViewControllerDemo" */;
			compatibilityVersion = "Xcode 3.2";
			developmentRegion = English;
			hasScannedForEncodings = 0;
			knownRegions = (
				en,
				Base,
			);
			mainGroup = 3D0A899E1BA6CC620081B2D8;
			productRefGroup = 3D0A89A81BA6CC620081B2D8 /* Products */;
			projectDirPath = "";
			projectRoot = "";
			targets = (
				3D0A89A61BA6CC620081B2D8 /* VZSideViewControllerDemo */,
			);
		};
/* End PBXProject section */

/* Begin PBXResourcesBuildPhase section */
		3D0A89A51BA6CC620081B2D8 /* Resources */ = {
			isa = PBXResourcesBuildPhase;
			buildActionMask = 2147483647;
			files = (
				3D0A89B51BA6CC620081B2D8 /* LaunchScreen.storyboard in Resources */,
				3D0A89B21BA6CC620081B2D8 /* Assets.xcassets in Resources */,
				3D0A89B01BA6CC620081B2D8 /* Main.storyboard in Resources */,
			);
			runOnlyForDeploymentPostprocessing = 0;
		};
/* End PBXResourcesBuildPhase section */

/* Begin PBXSourcesBuildPhase section */
		3D0A89A31BA6CC620081B2D8 /* Sources */ = {
			isa = PBXSourcesBuildPhase;
			buildActionMask = 2147483647;
			files = (
				3D0A89AD1BA6CC620081B2D8 /* ViewController.swift in Sources */,
				3D0A89BF1BA6D1820081B2D8 /* VZSideViewController.swift in Sources */,
				3D0A89BD1BA6CC6D0081B2D8 /* LeftTableViewController.swift in Sources */,
				3D0A89AB1BA6CC620081B2D8 /* AppDelegate.swift in Sources */,
			);
			runOnlyForDeploymentPostprocessing = 0;
		};
/* End PBXSourcesBuildPhase section */

/* Begin PBXVariantGroup section */
		3D0A89AE1BA6CC620081B2D8 /* Main.storyboard */ = {
			isa = PBXVariantGroup;
			children = (
				3D0A89AF1BA6CC620081B2D8 /* Base */,
			);
			name = Main.storyboard;
			sourceTree = "<group>";
		};
		3D0A89B31BA6CC620081B2D8 /* LaunchScreen.storyboard */ = {
			isa = PBXVariantGroup;
			children = (
				3D0A89B41BA6CC620081B2D8 /* Base */,
			);
			name = LaunchScreen.storyboard;
			sourceTree = "<group>";
		};
/* End PBXVariantGroup section */

/* Begin XCBuildConfiguration section */
		3D0A89B71BA6CC620081B2D8 /* Debug */ = {
			isa = XCBuildConfiguration;
			buildSettings = {
				ALWAYS_SEARCH_USER_PATHS = NO;
				CLANG_CXX_LANGUAGE_STANDARD = "gnu++0x";
				CLANG_CXX_LIBRARY = "libc++";
				CLANG_ENABLE_MODULES = YES;
				CLANG_ENABLE_OBJC_ARC = YES;
				CLANG_WARN_BOOL_CONVERSION = YES;
				CLANG_WARN_CONSTANT_CONVERSION = YES;
				CLANG_WARN_DIRECT_OBJC_ISA_USAGE = YES_ERROR;
				CLANG_WARN_EMPTY_BODY = YES;
				CLANG_WARN_ENUM_CONVERSION = YES;
				CLANG_WARN_INT_CONVERSION = YES;
				CLANG_WARN_OBJC_ROOT_CLASS = YES_ERROR;
				CLANG_WARN_UNREACHABLE_CODE = YES;
				CLANG_WARN__DUPLICATE_METHOD_MATCH = YES;
				"CODE_SIGN_IDENTITY[sdk=iphoneos*]" = "iPhone Developer";
				COPY_PHASE_STRIP = NO;
				DEBUG_INFORMATION_FORMAT = dwarf;
				ENABLE_STRICT_OBJC_MSGSEND = YES;
				ENABLE_TESTABILITY = YES;
				GCC_C_LANGUAGE_STANDARD = gnu99;
				GCC_DYNAMIC_NO_PIC = NO;
				GCC_NO_COMMON_BLOCKS = YES;
				GCC_OPTIMIZATION_LEVEL = 0;
				GCC_PREPROCESSOR_DEFINITIONS = (
					"DEBUG=1",
					"$(inherited)",
				);
				GCC_WARN_64_TO_32_BIT_CONVERSION = YES;
				GCC_WARN_ABOUT_RETURN_TYPE = YES_ERROR;
				GCC_WARN_UNDECLARED_SELECTOR = YES;
				GCC_WARN_UNINITIALIZED_AUTOS = YES_AGGRESSIVE;
				GCC_WARN_UNUSED_FUNCTION = YES;
				GCC_WARN_UNUSED_VARIABLE = YES;
				IPHONEOS_DEPLOYMENT_TARGET = 9.0;
				MTL_ENABLE_DEBUG_INFO = YES;
				ONLY_ACTIVE_ARCH = YES;
				SDKROOT = iphoneos;
				SWIFT_OPTIMIZATION_LEVEL = "-Onone";
			};
			name = Debug;
		};
		3D0A89B81BA6CC620081B2D8 /* Release */ = {
			isa = XCBuildConfiguration;
			buildSettings = {
				ALWAYS_SEARCH_USER_PATHS = NO;
				CLANG_CXX_LANGUAGE_STANDARD = "gnu++0x";
				CLANG_CXX_LIBRARY = "libc++";
				CLANG_ENABLE_MODULES = YES;
				CLANG_ENABLE_OBJC_ARC = YES;
				CLANG_WARN_BOOL_CONVERSION = YES;
				CLANG_WARN_CONSTANT_CONVERSION = YES;
				CLANG_WARN_DIRECT_OBJC_ISA_USAGE = YES_ERROR;
				CLANG_WARN_EMPTY_BODY = YES;
				CLANG_WARN_ENUM_CONVERSION = YES;
				CLANG_WARN_INT_CONVERSION = YES;
				CLANG_WARN_OBJC_ROOT_CLASS = YES_ERROR;
				CLANG_WARN_UNREACHABLE_CODE = YES;
				CLANG_WARN__DUPLICATE_METHOD_MATCH = YES;
				"CODE_SIGN_IDENTITY[sdk=iphoneos*]" = "iPhone Developer";
				COPY_PHASE_STRIP = NO;
				DEBUG_INFORMATION_FORMAT = "dwarf-with-dsym";
				ENABLE_NS_ASSERTIONS = NO;
				ENABLE_STRICT_OBJC_MSGSEND = YES;
				GCC_C_LANGUAGE_STANDARD = gnu99;
				GCC_NO_COMMON_BLOCKS = YES;
				GCC_WARN_64_TO_32_BIT_CONVERSION = YES;
				GCC_WARN_ABOUT_RETURN_TYPE = YES_ERROR;
				GCC_WARN_UNDECLARED_SELECTOR = YES;
				GCC_WARN_UNINITIALIZED_AUTOS = YES_AGGRESSIVE;
				GCC_WARN_UNUSED_FUNCTION = YES;
				GCC_WARN_UNUSED_VARIABLE = YES;
				IPHONEOS_DEPLOYMENT_TARGET = 9.0;
				MTL_ENABLE_DEBUG_INFO = NO;
				SDKROOT = iphoneos;
				VALIDATE_PRODUCT = YES;
			};
			name = Release;
		};
		3D0A89BA1BA6CC620081B2D8 /* Debug */ = {
			isa = XCBuildConfiguration;
			buildSettings = {
				ASSETCATALOG_COMPILER_APPICON_NAME = AppIcon;
				INFOPLIST_FILE = VZSideViewControllerDemo/Info.plist;
				LD_RUNPATH_SEARCH_PATHS = "$(inherited) @executable_path/Frameworks";
				PRODUCT_BUNDLE_IDENTIFIER = thomashwak.VZSideViewControllerDemo;
				PRODUCT_NAME = "$(TARGET_NAME)";
			};
			name = Debug;
		};
		3D0A89BB1BA6CC620081B2D8 /* Release */ = {
			isa = XCBuildConfiguration;
			buildSettings = {
				ASSETCATALOG_COMPILER_APPICON_NAME = AppIcon;
				INFOPLIST_FILE = VZSideViewControllerDemo/Info.plist;
				LD_RUNPATH_SEARCH_PATHS = "$(inherited) @executable_path/Frameworks";
				PRODUCT_BUNDLE_IDENTIFIER = thomashwak.VZSideViewControllerDemo;
				PRODUCT_NAME = "$(TARGET_NAME)";
			};
			name = Release;
		};
/* End XCBuildConfiguration section */

/* Begin XCConfigurationList section */
		3D0A89A21BA6CC620081B2D8 /* Build configuration list for PBXProject "VZSideViewControllerDemo" */ = {
			isa = XCConfigurationList;
			buildConfigurations = (
				3D0A89B71BA6CC620081B2D8 /* Debug */,
				3D0A89B81BA6CC620081B2D8 /* Release */,
			);
			defaultConfigurationIsVisible = 0;
			defaultConfigurationName = Release;
		};
		3D0A89B91BA6CC620081B2D8 /* Build configuration list for PBXNativeTarget "VZSideViewControllerDemo" */ = {
			isa = XCConfigurationList;
			buildConfigurations = (
				3D0A89BA1BA6CC620081B2D8 /* Debug */,
				3D0A89BB1BA6CC620081B2D8 /* Release */,
			);
			defaultConfigurationIsVisible = 0;
		};
/* End XCConfigurationList section */
	};
	rootObject = 3D0A899F1BA6CC620081B2D8 /* Project object */;
}
